
Microsoft Visual Studio Solution File, Format Version 12.00
# Visual Studio 14
VisualStudioVersion = 14.0.25123.0
MinimumVisualStudioVersion = 10.0.40219.1
Project("{2150E333-8FDC-42A3-9474-1A3956D46DE8}") = "src", "src", "{760EC81D-070D-46E1-AA06-987951520BD8}"
EndProject
Project("{2150E333-8FDC-42A3-9474-1A3956D46DE8}") = "Solution Items", "Solution Items", "{E74411CD-36D7-49FB-88B7-6B694EF0BC52}"
	ProjectSection(SolutionItems) = preProject
		global.json = global.json
	EndProjectSection
EndProject
Project("{8BB2217D-0F2D-49D1-97BC-3654ED321F3B}") = "orpheus", "src\orpheus\orpheus.xproj", "{C9CE8FFB-51E7-40F6-A077-662B97BA9F45}"
EndProject
Global
	GlobalSection(SolutionConfigurationPlatforms) = preSolution
		Debug|Any CPU = Debug|Any CPU
		Release|Any CPU = Release|Any CPU
	EndGlobalSection
	GlobalSection(ProjectConfigurationPlatforms) = postSolution
		{C9CE8FFB-51E7-40F6-A077-662B97BA9F45}.Debug|Any CPU.ActiveCfg = Debug|Any CPU
		{C9CE8FFB-51E7-40F6-A077-662B97BA9F45}.Debug|Any CPU.Build.0 = Debug|Any CPU
		{C9CE8FFB-51E7-40F6-A077-662B97BA9F45}.Release|Any CPU.ActiveCfg = Release|Any CPU
		{C9CE8FFB-51E7-40F6-A077-662B97BA9F45}.Release|Any CPU.Build.0 = Release|Any CPU
	EndGlobalSection
	GlobalSection(SolutionProperties) = preSolution
		HideSolutionNode = FALSE
	EndGlobalSection
	GlobalSection(NestedProjects) = preSolution
		{C9CE8FFB-51E7-40F6-A077-662B97BA9F45} = {760EC81D-070D-46E1-AA06-987951520BD8}
	EndGlobalSection
EndGlobal
